// !$*UTF8*$!
{
	archiveVersion = 1;
	classes = {
	};
	objectVersion = 50;
	objects = {

/* Begin PBXBuildFile section */
		A4F813A12264C68400C660F2 /* AppDelegate.swift in Sources */ = {isa = PBXBuildFile; fileRef = A4F813A02264C68400C660F2 /* AppDelegate.swift */; };
		A4F813A32264C68400C660F2 /* ViewController.swift in Sources */ = {isa = PBXBuildFile; fileRef = A4F813A22264C68400C660F2 /* ViewController.swift */; };
		A4F813A62264C68400C660F2 /* Main.storyboard in Resources */ = {isa = PBXBuildFile; fileRef = A4F813A42264C68400C660F2 /* Main.storyboard */; };
		A4F813A82264C68700C660F2 /* Assets.xcassets in Resources */ = {isa = PBXBuildFile; fileRef = A4F813A72264C68700C660F2 /* Assets.xcassets */; };
		A4F813AB2264C68700C660F2 /* LaunchScreen.storyboard in Resources */ = {isa = PBXBuildFile; fileRef = A4F813A92264C68700C660F2 /* LaunchScreen.storyboard */; };
		A4F813B52264C9EE00C660F2 /* CercleButton.swift in Sources */ = {isa = PBXBuildFile; fileRef = A4F813B42264C9EE00C660F2 /* CercleButton.swift */; };
		A4F813B72264D2FA00C660F2 /* test.m4a in Resources */ = {isa = PBXBuildFile; fileRef = A4F813B62264D2FA00C660F2 /* test.m4a */; };
/* End PBXBuildFile section */

/* Begin PBXFileReference section */
		A4F8139D2264C68400C660F2 /* Scribe.app */ = {isa = PBXFileReference; explicitFileType = wrapper.application; includeInIndex = 0; path = Scribe.app; sourceTree = BUILT_PRODUCTS_DIR; };
		A4F813A02264C68400C660F2 /* AppDelegate.swift */ = {isa = PBXFileReference; lastKnownFileType = sourcecode.swift; path = AppDelegate.swift; sourceTree = "<group>"; };
		A4F813A22264C68400C660F2 /* ViewController.swift */ = {isa = PBXFileReference; lastKnownFileType = sourcecode.swift; path = ViewController.swift; sourceTree = "<group>"; };
		A4F813A52264C68400C660F2 /* Base */ = {isa = PBXFileReference; lastKnownFileType = file.storyboard; name = Base; path = Base.lproj/Main.storyboard; sourceTree = "<group>"; };
		A4F813A72264C68700C660F2 /* Assets.xcassets */ = {isa = PBXFileReference; lastKnownFileType = folder.assetcatalog; path = Assets.xcassets; sourceTree = "<group>"; };
		A4F813AA2264C68700C660F2 /* Base */ = {isa = PBXFileReference; lastKnownFileType = file.storyboard; name = Base; path = Base.lproj/LaunchScreen.storyboard; sourceTree = "<group>"; };
		A4F813AC2264C68700C660F2 /* Info.plist */ = {isa = PBXFileReference; lastKnownFileType = text.plist.xml; path = Info.plist; sourceTree = "<group>"; };
		A4F813B42264C9EE00C660F2 /* CercleButton.swift */ = {isa = PBXFileReference; lastKnownFileType = sourcecode.swift; path = CercleButton.swift; sourceTree = "<group>"; };
		A4F813B62264D2FA00C660F2 /* test.m4a */ = {isa = PBXFileReference; lastKnownFileType = file; path = test.m4a; sourceTree = "<group>"; };
/* End PBXFileReference section */

/* Begin PBXFrameworksBuildPhase section */
		A4F8139A2264C68400C660F2 /* Frameworks */ = {
			isa = PBXFrameworksBuildPhase;
			buildActionMask = 2147483647;
			files = (
			);
			runOnlyForDeploymentPostprocessing = 0;
		};
/* End PBXFrameworksBuildPhase section */

/* Begin PBXGroup section */
		A4F813942264C68400C660F2 = {
			isa = PBXGroup;
			children = (
				A4F8139F2264C68400C660F2 /* Scribe */,
				A4F8139E2264C68400C660F2 /* Products */,
			);
			sourceTree = "<group>";
		};
		A4F8139E2264C68400C660F2 /* Products */ = {
			isa = PBXGroup;
			children = (
				A4F8139D2264C68400C660F2 /* Scribe.app */,
			);
			name = Products;
			sourceTree = "<group>";
		};
		A4F8139F2264C68400C660F2 /* Scribe */ = {
			isa = PBXGroup;
			children = (
				A4F813B82264D2FF00C660F2 /* Resouce */,
				A4F813B32264C9BB00C660F2 /* Controller */,
				A4F813B22264C9B100C660F2 /* View */,
				A4F813A42264C68400C660F2 /* Main.storyboard */,
				A4F813A02264C68400C660F2 /* AppDelegate.swift */,
				A4F813A72264C68700C660F2 /* Assets.xcassets */,
				A4F813A92264C68700C660F2 /* LaunchScreen.storyboard */,
				A4F813AC2264C68700C660F2 /* Info.plist */,
			);
			path = Scribe;
			sourceTree = "<group>";
		};
		A4F813B22264C9B100C660F2 /* View */ = {
			isa = PBXGroup;
			children = (
				A4F813B42264C9EE00C660F2 /* CercleButton.swift */,
			);
			path = View;
			sourceTree = "<group>";
		};
		A4F813B32264C9BB00C660F2 /* Controller */ = {
			isa = PBXGroup;
			children = (
				A4F813A22264C68400C660F2 /* ViewController.swift */,
			);
			path = Controller;
			sourceTree = "<group>";
		};
		A4F813B82264D2FF00C660F2 /* Resouce */ = {
			isa = PBXGroup;
			children = (
				A4F813B62264D2FA00C660F2 /* test.m4a */,
			);
			path = Resouce;
			sourceTree = "<group>";
		};
/* End PBXGroup section */

/* Begin PBXNativeTarget section */
		A4F8139C2264C68400C660F2 /* Scribe */ = {
			isa = PBXNativeTarget;
			buildConfigurationList = A4F813AF2264C68700C660F2 /* Build configuration list for PBXNativeTarget "Scribe" */;
			buildPhases = (
				A4F813992264C68400C660F2 /* Sources */,
				A4F8139A2264C68400C660F2 /* Frameworks */,
				A4F8139B2264C68400C660F2 /* Resources */,
			);
			buildRules = (
			);
			dependencies = (
			);
			name = Scribe;
			productName = Scribe;
			productReference = A4F8139D2264C68400C660F2 /* Scribe.app */;
			productType = "com.apple.product-type.application";
		};
/* End PBXNativeTarget section */

/* Begin PBXProject section */
		A4F813952264C68400C660F2 /* Project object */ = {
			isa = PBXProject;
			attributes = {
				LastSwiftUpdateCheck = 1020;
				LastUpgradeCheck = 1020;
				ORGANIZATIONNAME = daniel.d4;
				TargetAttributes = {
					A4F8139C2264C68400C660F2 = {
						CreatedOnToolsVersion = 10.2;
					};
				};
			};
			buildConfigurationList = A4F813982264C68400C660F2 /* Build configuration list for PBXProject "Scribe" */;
			compatibilityVersion = "Xcode 9.3";
			developmentRegion = en;
			hasScannedForEncodings = 0;
			knownRegions = (
				en,
				Base,
			);
			mainGroup = A4F813942264C68400C660F2;
			productRefGroup = A4F8139E2264C68400C660F2 /* Products */;
			projectDirPath = "";
			projectRoot = "";
			targets = (
				A4F8139C2264C68400C660F2 /* Scribe */,
			);
		};
/* End PBXProject section */

/* Begin PBXResourcesBuildPhase section */
		A4F8139B2264C68400C660F2 /* Resources */ = {
			isa = PBXResourcesBuildPhase;
			buildActionMask = 2147483647;
			files = (
				A4F813AB2264C68700C660F2 /* LaunchScreen.storyboard in Resources */,
				A4F813A82264C68700C660F2 /* Assets.xcassets in Resources */,
				A4F813B72264D2FA00C660F2 /* test.m4a in Resources */,
				A4F813A62264C68400C660F2 /* Main.storyboard in Resources */,
			);
			runOnlyForDeploymentPostprocessing = 0;
		};
/* End PBXResourcesBuildPhase section */

/* Begin PBXSourcesBuildPhase section */
		A4F813992264C68400C660F2 /* Sources */ = {
			isa = PBXSourcesBuildPhase;
			buildActionMask = 2147483647;
			files = (
				A4F813B52264C9EE00C660F2 /* CercleButton.swift in Sources */,
				A4F813A32264C68400C660F2 /* ViewController.swift in Sources */,
				A4F813A12264C68400C660F2 /* AppDelegate.swift in Sources */,
			);
			runOnlyForDeploymentPostprocessing = 0;
		};
/* End PBXSourcesBuildPhase section */

/* Begin PBXVariantGroup section */
		A4F813A42264C68400C660F2 /* Main.storyboard */ = {
			isa = PBXVariantGroup;
			children = (
				A4F813A52264C68400C660F2 /* Base */,
			);
			name = Main.storyboard;
			sourceTree = "<group>";
		};
		A4F813A92264C68700C660F2 /* LaunchScreen.storyboard */ = {
			isa = PBXVariantGroup;
			children = (
				A4F813AA2264C68700C660F2 /* Base */,
			);
			name = LaunchScreen.storyboard;
			sourceTree = "<group>";
		};
/* End PBXVariantGroup section */

/* Begin XCBuildConfiguration section */
		A4F813AD2264C68700C660F2 /* Debug */ = {
			isa = XCBuildConfiguration;
			buildSettings = {
				ALWAYS_SEARCH_USER_PATHS = NO;
				CLANG_ANALYZER_NONNULL = YES;
				CLANG_ANALYZER_NUMBER_OBJECT_CONVERSION = YES_AGGRESSIVE;
				CLANG_CXX_LANGUAGE_STANDARD = "gnu++14";
				CLANG_CXX_LIBRARY = "libc++";
				CLANG_ENABLE_MODULES = YES;
				CLANG_ENABLE_OBJC_ARC = YES;
				CLANG_ENABLE_OBJC_WEAK = YES;
				CLANG_WARN_BLOCK_CAPTURE_AUTORELEASING = YES;
				CLANG_WARN_BOOL_CONVERSION = YES;
				CLANG_WARN_COMMA = YES;
				CLANG_WARN_CONSTANT_CONVERSION = YES;
				CLANG_WARN_DEPRECATED_OBJC_IMPLEMENTATIONS = YES;
				CLANG_WARN_DIRECT_OBJC_ISA_USAGE = YES_ERROR;
				CLANG_WARN_DOCUMENTATION_COMMENTS = YES;
				CLANG_WARN_EMPTY_BODY = YES;
				CLANG_WARN_ENUM_CONVERSION = YES;
				CLANG_WARN_INFINITE_RECURSION = YES;
				CLANG_WARN_INT_CONVERSION = YES;
				CLANG_WARN_NON_LITERAL_NULL_CONVERSION = YES;
				CLANG_WARN_OBJC_IMPLICIT_RETAIN_SELF = YES;
				CLANG_WARN_OBJC_LITERAL_CONVERSION = YES;
				CLANG_WARN_OBJC_ROOT_CLASS = YES_ERROR;
				CLANG_WARN_RANGE_LOOP_ANALYSIS = YES;
				CLANG_WARN_STRICT_PROTOTYPES = YES;
				CLANG_WARN_SUSPICIOUS_MOVE = YES;
				CLANG_WARN_UNGUARDED_AVAILABILITY = YES_AGGRESSIVE;
				CLANG_WARN_UNREACHABLE_CODE = YES;
				CLANG_WARN__DUPLICATE_METHOD_MATCH = YES;
				CODE_SIGN_IDENTITY = "iPhone Developer";
				COPY_PHASE_STRIP = NO;
				DEBUG_INFORMATION_FORMAT = dwarf;
				ENABLE_STRICT_OBJC_MSGSEND = YES;
				ENABLE_TESTABILITY = YES;
				GCC_C_LANGUAGE_STANDARD = gnu11;
				GCC_DYNAMIC_NO_PIC = NO;
				GCC_NO_COMMON_BLOCKS = YES;
				GCC_OPTIMIZATION_LEVEL = 0;
				GCC_PREPROCESSOR_DEFINITIONS = (
					"DEBUG=1",
					"$(inherited)",
				);
				GCC_WARN_64_TO_32_BIT_CONVERSION = YES;
				GCC_WARN_ABOUT_RETURN_TYPE = YES_ERROR;
				GCC_WARN_UNDECLARED_SELECTOR = YES;
				GCC_WARN_UNINITIALIZED_AUTOS = YES_AGGRESSIVE;
				GCC_WARN_UNUSED_FUNCTION = YES;
				GCC_WARN_UNUSED_VARIABLE = YES;
				IPHONEOS_DEPLOYMENT_TARGET = 12.2;
				MTL_ENABLE_DEBUG_INFO = INCLUDE_SOURCE;
				MTL_FAST_MATH = YES;
				ONLY_ACTIVE_ARCH = YES;
				SDKROOT = iphoneos;
				SWIFT_ACTIVE_COMPILATION_CONDITIONS = DEBUG;
				SWIFT_OPTIMIZATION_LEVEL = "-Onone";
			};
			name = Debug;
		};
		A4F813AE2264C68700C660F2 /* Release */ = {
			isa = XCBuildConfiguration;
			buildSettings = {
				ALWAYS_SEARCH_USER_PATHS = NO;
				CLANG_ANALYZER_NONNULL = YES;
				CLANG_ANALYZER_NUMBER_OBJECT_CONVERSION = YES_AGGRESSIVE;
				CLANG_CXX_LANGUAGE_STANDARD = "gnu++14";
				CLANG_CXX_LIBRARY = "libc++";
				CLANG_ENABLE_MODULES = YES;
				CLANG_ENABLE_OBJC_ARC = YES;
				CLANG_ENABLE_OBJC_WEAK = YES;
				CLANG_WARN_BLOCK_CAPTURE_AUTORELEASING = YES;
				CLANG_WARN_BOOL_CONVERSION = YES;
				CLANG_WARN_COMMA = YES;
				CLANG_WARN_CONSTANT_CONVERSION = YES;
				CLANG_WARN_DEPRECATED_OBJC_IMPLEMENTATIONS = YES;
				CLANG_WARN_DIRECT_OBJC_ISA_USAGE = YES_ERROR;
				CLANG_WARN_DOCUMENTATION_COMMENTS = YES;
				CLANG_WARN_EMPTY_BODY = YES;
				CLANG_WARN_ENUM_CONVERSION = YES;
				CLANG_WARN_INFINITE_RECURSION = YES;
				CLANG_WARN_INT_CONVERSION = YES;
				CLANG_WARN_NON_LITERAL_NULL_CONVERSION = YES;
				CLANG_WARN_OBJC_IMPLICIT_RETAIN_SELF = YES;
				CLANG_WARN_OBJC_LITERAL_CONVERSION = YES;
				CLANG_WARN_OBJC_ROOT_CLASS = YES_ERROR;
				CLANG_WARN_RANGE_LOOP_ANALYSIS = YES;
				CLANG_WARN_STRICT_PROTOTYPES = YES;
				CLANG_WARN_SUSPICIOUS_MOVE = YES;
				CLANG_WARN_UNGUARDED_AVAILABILITY = YES_AGGRESSIVE;
				CLANG_WARN_UNREACHABLE_CODE = YES;
				CLANG_WARN__DUPLICATE_METHOD_MATCH = YES;
				CODE_SIGN_IDENTITY = "iPhone Developer";
				COPY_PHASE_STRIP = NO;
				DEBUG_INFORMATION_FORMAT = "dwarf-with-dsym";
				ENABLE_NS_ASSERTIONS = NO;
				ENABLE_STRICT_OBJC_MSGSEND = YES;
				GCC_C_LANGUAGE_STANDARD = gnu11;
				GCC_NO_COMMON_BLOCKS = YES;
				GCC_WARN_64_TO_32_BIT_CONVERSION = YES;
				GCC_WARN_ABOUT_RETURN_TYPE = YES_ERROR;
				GCC_WARN_UNDECLARED_SELECTOR = YES;
				GCC_WARN_UNINITIALIZED_AUTOS = YES_AGGRESSIVE;
				GCC_WARN_UNUSED_FUNCTION = YES;
				GCC_WARN_UNUSED_VARIABLE = YES;
				IPHONEOS_DEPLOYMENT_TARGET = 12.2;
				MTL_ENABLE_DEBUG_INFO = NO;
				MTL_FAST_MATH = YES;
				SDKROOT = iphoneos;
				SWIFT_COMPILATION_MODE = wholemodule;
				SWIFT_OPTIMIZATION_LEVEL = "-O";
				VALIDATE_PRODUCT = YES;
			};
			name = Release;
		};
		A4F813B02264C68700C660F2 /* Debug */ = {
			isa = XCBuildConfiguration;
			buildSettings = {
				ASSETCATALOG_COMPILER_APPICON_NAME = AppIcon;
				CODE_SIGN_STYLE = Automatic;
				DEVELOPMENT_TEAM = NDZY5YDWF3;
				INFOPLIST_FILE = Scribe/Info.plist;
				LD_RUNPATH_SEARCH_PATHS = (
					"$(inherited)",
					"@executable_path/Frameworks",
				);
				PRODUCT_BUNDLE_IDENTIFIER = com.dainello.Scribe;
				PRODUCT_NAME = "$(TARGET_NAME)";
				SWIFT_VERSION = 5.0;
				TARGETED_DEVICE_FAMILY = "1,2";
			};
			name = Debug;
		};
		A4F813B12264C68700C660F2 /* Release */ = {
			isa = XCBuildConfiguration;
			buildSettings = {
				ASSETCATALOG_COMPILER_APPICON_NAME = AppIcon;
				CODE_SIGN_STYLE = Automatic;
				DEVELOPMENT_TEAM = NDZY5YDWF3;
				INFOPLIST_FILE = Scribe/Info.plist;
				LD_RUNPATH_SEARCH_PATHS = (
					"$(inherited)",
					"@executable_path/Frameworks",
				);
				PRODUCT_BUNDLE_IDENTIFIER = com.dainello.Scribe;
				PRODUCT_NAME = "$(TARGET_NAME)";
				SWIFT_VERSION = 5.0;
				TARGETED_DEVICE_FAMILY = "1,2";
			};
			name = Release;
		};
/* End XCBuildConfiguration section */

/* Begin XCConfigurationList section */
		A4F813982264C68400C660F2 /* Build configuration list for PBXProject "Scribe" */ = {
			isa = XCConfigurationList;
			buildConfigurations = (
				A4F813AD2264C68700C660F2 /* Debug */,
				A4F813AE2264C68700C660F2 /* Release */,
			);
			defaultConfigurationIsVisible = 0;
			defaultConfigurationName = Release;
		};
		A4F813AF2264C68700C660F2 /* Build configuration list for PBXNativeTarget "Scribe" */ = {
			isa = XCConfigurationList;
			buildConfigurations = (
				A4F813B02264C68700C660F2 /* Debug */,
				A4F813B12264C68700C660F2 /* Release */,
			);
			defaultConfigurationIsVisible = 0;
			defaultConfigurationName = Release;
		};
/* End XCConfigurationList section */
	};
	rootObject = A4F813952264C68400C660F2 /* Project object */;
}
